
Microsoft Visual Studio Solution File, Format Version 12.00
# Visual Studio Version 17
VisualStudioVersion = 17.7.34031.279
MinimumVisualStudioVersion = 10.0.40219.1
Project("{FAE04EC0-301F-11D3-BF4B-00C04F79EFBC}") = "JWT-Auth", "JWT-Auth\JWT-Auth.csproj", "{726F008A-9559-4FFF-8CA7-75AD3D119283}"
EndProject
Project("{FAE04EC0-301F-11D3-BF4B-00C04F79EFBC}") = "JWT.Auth.API", "JWT.Auth.API\JWT.Auth.API.csproj", "{EC2B5910-C2E0-45DC-B682-F4D51D81098B}"
EndProject
Global
	GlobalSection(SolutionConfigurationPlatforms) = preSolution
		Debug|Any CPU = Debug|Any CPU
		Release|Any CPU = Release|Any CPU
	EndGlobalSection
	GlobalSection(ProjectConfigurationPlatforms) = postSolution
		{726F008A-9559-4FFF-8CA7-75AD3D119283}.Debug|Any CPU.ActiveCfg = Debug|Any CPU
		{726F008A-9559-4FFF-8CA7-75AD3D119283}.Debug|Any CPU.Build.0 = Debug|Any CPU
		{726F008A-9559-4FFF-8CA7-75AD3D119283}.Release|Any CPU.ActiveCfg = Release|Any CPU
		{726F008A-9559-4FFF-8CA7-75AD3D119283}.Release|Any CPU.Build.0 = Release|Any CPU
		{EC2B5910-C2E0-45DC-B682-F4D51D81098B}.Debug|Any CPU.ActiveCfg = Debug|Any CPU
		{EC2B5910-C2E0-45DC-B682-F4D51D81098B}.Debug|Any CPU.Build.0 = Debug|Any CPU
		{EC2B5910-C2E0-45DC-B682-F4D51D81098B}.Release|Any CPU.ActiveCfg = Release|Any CPU
		{EC2B5910-C2E0-45DC-B682-F4D51D81098B}.Release|Any CPU.Build.0 = Release|Any CPU
	EndGlobalSection
	GlobalSection(SolutionProperties) = preSolution
		HideSolutionNode = FALSE
	EndGlobalSection
	GlobalSection(ExtensibilityGlobals) = postSolution
		SolutionGuid = {647909CE-0952-4C96-8A39-DDBDEDF0DC04}
	EndGlobalSection
EndGlobal
